
Microsoft Visual Studio Solution File, Format Version 12.00
# Visual Studio Version 17
VisualStudioVersion = 17.2.32630.192
MinimumVisualStudioVersion = 10.0.40219.1
Project("{9A19103F-16F7-4668-BE54-9A1E7A4F7556}") = "Ebla.Infrastructure", "Ebla.Infrastructure\Ebla.Infrastructure.csproj", "{E312CD2C-75FF-405B-AEB5-27CBDEAEE48F}"
EndProject
Project("{9A19103F-16F7-4668-BE54-9A1E7A4F7556}") = "Ebla.Domain", "Ebla.Domain\Ebla.Domain.csproj", "{03883BEC-4C98-4202-9869-564E7C45C57C}"
EndProject
Project("{9A19103F-16F7-4668-BE54-9A1E7A4F7556}") = "Ebla.Application", "Ebla.Application\Ebla.Application.csproj", "{C2CC02DF-162B-4F30-B37C-9E7108001289}"
EndProject
Project("{9A19103F-16F7-4668-BE54-9A1E7A4F7556}") = "Ebla.Api", "Ebla.Api\Ebla.Api.csproj", "{8AFF3936-E612-4B78-9DC0-80EA1BF82F16}"
EndProject
Project("{FAE04EC0-301F-11D3-BF4B-00C04F79EFBC}") = "Ebla.Web", "Ebla.Web\Ebla.Web.csproj", "{40943065-916A-4BAB-9408-39CB74DFD425}"
EndProject
Global
	GlobalSection(SolutionConfigurationPlatforms) = preSolution
		Debug|Any CPU = Debug|Any CPU
		Release|Any CPU = Release|Any CPU
	EndGlobalSection
	GlobalSection(ProjectConfigurationPlatforms) = postSolution
		{E312CD2C-75FF-405B-AEB5-27CBDEAEE48F}.Debug|Any CPU.ActiveCfg = Debug|Any CPU
		{E312CD2C-75FF-405B-AEB5-27CBDEAEE48F}.Debug|Any CPU.Build.0 = Debug|Any CPU
		{E312CD2C-75FF-405B-AEB5-27CBDEAEE48F}.Release|Any CPU.ActiveCfg = Release|Any CPU
		{E312CD2C-75FF-405B-AEB5-27CBDEAEE48F}.Release|Any CPU.Build.0 = Release|Any CPU
		{03883BEC-4C98-4202-9869-564E7C45C57C}.Debug|Any CPU.ActiveCfg = Debug|Any CPU
		{03883BEC-4C98-4202-9869-564E7C45C57C}.Debug|Any CPU.Build.0 = Debug|Any CPU
		{03883BEC-4C98-4202-9869-564E7C45C57C}.Release|Any CPU.ActiveCfg = Release|Any CPU
		{03883BEC-4C98-4202-9869-564E7C45C57C}.Release|Any CPU.Build.0 = Release|Any CPU
		{C2CC02DF-162B-4F30-B37C-9E7108001289}.Debug|Any CPU.ActiveCfg = Debug|Any CPU
		{C2CC02DF-162B-4F30-B37C-9E7108001289}.Debug|Any CPU.Build.0 = Debug|Any CPU
		{C2CC02DF-162B-4F30-B37C-9E7108001289}.Release|Any CPU.ActiveCfg = Release|Any CPU
		{C2CC02DF-162B-4F30-B37C-9E7108001289}.Release|Any CPU.Build.0 = Release|Any CPU
		{8AFF3936-E612-4B78-9DC0-80EA1BF82F16}.Debug|Any CPU.ActiveCfg = Debug|Any CPU
		{8AFF3936-E612-4B78-9DC0-80EA1BF82F16}.Debug|Any CPU.Build.0 = Debug|Any CPU
		{8AFF3936-E612-4B78-9DC0-80EA1BF82F16}.Release|Any CPU.ActiveCfg = Release|Any CPU
		{8AFF3936-E612-4B78-9DC0-80EA1BF82F16}.Release|Any CPU.Build.0 = Release|Any CPU
		{40943065-916A-4BAB-9408-39CB74DFD425}.Debug|Any CPU.ActiveCfg = Debug|Any CPU
		{40943065-916A-4BAB-9408-39CB74DFD425}.Debug|Any CPU.Build.0 = Debug|Any CPU
		{40943065-916A-4BAB-9408-39CB74DFD425}.Release|Any CPU.ActiveCfg = Release|Any CPU
		{40943065-916A-4BAB-9408-39CB74DFD425}.Release|Any CPU.Build.0 = Release|Any CPU
	EndGlobalSection
	GlobalSection(SolutionProperties) = preSolution
		HideSolutionNode = FALSE
	EndGlobalSection
	GlobalSection(ExtensibilityGlobals) = postSolution
		SolutionGuid = {602FACFF-A52A-4111-8E77-3FC900B77895}
	EndGlobalSection
EndGlobal
